
Microsoft Visual Studio Solution File, Format Version 12.00
# Visual Studio Version 16
VisualStudioVersion = 16.0.31129.286
MinimumVisualStudioVersion = 10.0.40219.1
Project("{FAE04EC0-301F-11D3-BF4B-00C04F79EFBC}") = "NMSGDiscordBot", "NMSGDiscordBot\NMSGDiscordBot.csproj", "{FF7EAC96-A0C9-4C59-8DA0-2A2AE763B2E8}"
EndProject
Global
	GlobalSection(SolutionConfigurationPlatforms) = preSolution
		Debug|Any CPU = Debug|Any CPU
		Release|Any CPU = Release|Any CPU
	EndGlobalSection
	GlobalSection(ProjectConfigurationPlatforms) = postSolution
		{FF7EAC96-A0C9-4C59-8DA0-2A2AE763B2E8}.Debug|Any CPU.ActiveCfg = Debug|Any CPU
		{FF7EAC96-A0C9-4C59-8DA0-2A2AE763B2E8}.Debug|Any CPU.Build.0 = Debug|Any CPU
		{FF7EAC96-A0C9-4C59-8DA0-2A2AE763B2E8}.Release|Any CPU.ActiveCfg = Release|Any CPU
		{FF7EAC96-A0C9-4C59-8DA0-2A2AE763B2E8}.Release|Any CPU.Build.0 = Release|Any CPU
	EndGlobalSection
	GlobalSection(SolutionProperties) = preSolution
		HideSolutionNode = FALSE
	EndGlobalSection
	GlobalSection(ExtensibilityGlobals) = postSolution
		SolutionGuid = {FD038015-A8E9-43B7-BEAC-5D874FAD1A99}
	EndGlobalSection
EndGlobal
